
Microsoft Visual Studio Solution File, Format Version 12.00
# Visual Studio Version 16
VisualStudioVersion = 16.0.31112.23
MinimumVisualStudioVersion = 10.0.40219.1
Project("{FAE04EC0-301F-11D3-BF4B-00C04F79EFBC}") = "Matriz_1", "Matriz_1\Matriz_1.csproj", "{83ED3513-8F70-473F-A97D-FFBA232DC544}"
EndProject
Global
	GlobalSection(SolutionConfigurationPlatforms) = preSolution
		Debug|Any CPU = Debug|Any CPU
		Release|Any CPU = Release|Any CPU
	EndGlobalSection
	GlobalSection(ProjectConfigurationPlatforms) = postSolution
		{83ED3513-8F70-473F-A97D-FFBA232DC544}.Debug|Any CPU.ActiveCfg = Debug|Any CPU
		{83ED3513-8F70-473F-A97D-FFBA232DC544}.Debug|Any CPU.Build.0 = Debug|Any CPU
		{83ED3513-8F70-473F-A97D-FFBA232DC544}.Release|Any CPU.ActiveCfg = Release|Any CPU
		{83ED3513-8F70-473F-A97D-FFBA232DC544}.Release|Any CPU.Build.0 = Release|Any CPU
	EndGlobalSection
	GlobalSection(SolutionProperties) = preSolution
		HideSolutionNode = FALSE
	EndGlobalSection
	GlobalSection(ExtensibilityGlobals) = postSolution
		SolutionGuid = {FD88D672-0B93-483C-8519-88080F6EDED6}
	EndGlobalSection
EndGlobal
